// !$*UTF8*$!
{
	archiveVersion = 1;
	classes = {
	};
	objectVersion = 55;
	objects = {

/* Begin PBXBuildFile section */
		1F23C748273CA22D009DBDD8 /* BrightBookshelfApp.swift in Sources */ = {isa = PBXBuildFile; fileRef = 1F23C747273CA22D009DBDD8 /* BrightBookshelfApp.swift */; };
		1F23C74A273CA22D009DBDD8 /* ContentView.swift in Sources */ = {isa = PBXBuildFile; fileRef = 1F23C749273CA22D009DBDD8 /* ContentView.swift */; };
		1F23C74F273CA232009DBDD8 /* Preview Assets.xcassets in Resources */ = {isa = PBXBuildFile; fileRef = 1F23C74E273CA232009DBDD8 /* Preview Assets.xcassets */; };
		1F23C759273CA233009DBDD8 /* BrightBookshelfTests.swift in Sources */ = {isa = PBXBuildFile; fileRef = 1F23C758273CA233009DBDD8 /* BrightBookshelfTests.swift */; };
		1F23C763273CA233009DBDD8 /* BrightBookshelfUITests.swift in Sources */ = {isa = PBXBuildFile; fileRef = 1F23C762273CA233009DBDD8 /* BrightBookshelfUITests.swift */; };
		1F23C765273CA233009DBDD8 /* BrightBookshelfUITestsLaunchTests.swift in Sources */ = {isa = PBXBuildFile; fileRef = 1F23C764273CA233009DBDD8 /* BrightBookshelfUITestsLaunchTests.swift */; };
		1F23C774273CAA72009DBDD8 /* Assets.xcassets in Resources */ = {isa = PBXBuildFile; fileRef = 1F23C773273CAA72009DBDD8 /* Assets.xcassets */; };
		1F23C778273CAAF7009DBDD8 /* SwiftUIView.swift in Sources */ = {isa = PBXBuildFile; fileRef = 1F23C777273CAAF7009DBDD8 /* SwiftUIView.swift */; };
/* End PBXBuildFile section */

/* Begin PBXContainerItemProxy section */
		1F23C755273CA233009DBDD8 /* PBXContainerItemProxy */ = {
			isa = PBXContainerItemProxy;
			containerPortal = 1F23C73C273CA22D009DBDD8 /* Project object */;
			proxyType = 1;
			remoteGlobalIDString = 1F23C743273CA22D009DBDD8;
			remoteInfo = BrightBookshelf;
		};
		1F23C75F273CA233009DBDD8 /* PBXContainerItemProxy */ = {
			isa = PBXContainerItemProxy;
			containerPortal = 1F23C73C273CA22D009DBDD8 /* Project object */;
			proxyType = 1;
			remoteGlobalIDString = 1F23C743273CA22D009DBDD8;
			remoteInfo = BrightBookshelf;
		};
/* End PBXContainerItemProxy section */

/* Begin PBXFileReference section */
		1F23C744273CA22D009DBDD8 /* BrightBookshelf.app */ = {isa = PBXFileReference; explicitFileType = wrapper.application; includeInIndex = 0; path = BrightBookshelf.app; sourceTree = BUILT_PRODUCTS_DIR; };
		1F23C747273CA22D009DBDD8 /* BrightBookshelfApp.swift */ = {isa = PBXFileReference; lastKnownFileType = sourcecode.swift; path = BrightBookshelfApp.swift; sourceTree = "<group>"; };
		1F23C749273CA22D009DBDD8 /* ContentView.swift */ = {isa = PBXFileReference; lastKnownFileType = sourcecode.swift; path = ContentView.swift; sourceTree = "<group>"; };
		1F23C74E273CA232009DBDD8 /* Preview Assets.xcassets */ = {isa = PBXFileReference; lastKnownFileType = folder.assetcatalog; path = "Preview Assets.xcassets"; sourceTree = "<group>"; };
		1F23C754273CA233009DBDD8 /* BrightBookshelfTests.xctest */ = {isa = PBXFileReference; explicitFileType = wrapper.cfbundle; includeInIndex = 0; path = BrightBookshelfTests.xctest; sourceTree = BUILT_PRODUCTS_DIR; };
		1F23C758273CA233009DBDD8 /* BrightBookshelfTests.swift */ = {isa = PBXFileReference; lastKnownFileType = sourcecode.swift; path = BrightBookshelfTests.swift; sourceTree = "<group>"; };
		1F23C75E273CA233009DBDD8 /* BrightBookshelfUITests.xctest */ = {isa = PBXFileReference; explicitFileType = wrapper.cfbundle; includeInIndex = 0; path = BrightBookshelfUITests.xctest; sourceTree = BUILT_PRODUCTS_DIR; };
		1F23C762273CA233009DBDD8 /* BrightBookshelfUITests.swift */ = {isa = PBXFileReference; lastKnownFileType = sourcecode.swift; path = BrightBookshelfUITests.swift; sourceTree = "<group>"; };
		1F23C764273CA233009DBDD8 /* BrightBookshelfUITestsLaunchTests.swift */ = {isa = PBXFileReference; lastKnownFileType = sourcecode.swift; path = BrightBookshelfUITestsLaunchTests.swift; sourceTree = "<group>"; };
		1F23C773273CAA72009DBDD8 /* Assets.xcassets */ = {isa = PBXFileReference; lastKnownFileType = folder.assetcatalog; path = Assets.xcassets; sourceTree = "<group>"; };
		1F23C777273CAAF7009DBDD8 /* SwiftUIView.swift */ = {isa = PBXFileReference; lastKnownFileType = sourcecode.swift; path = SwiftUIView.swift; sourceTree = "<group>"; };
/* End PBXFileReference section */

/* Begin PBXFrameworksBuildPhase section */
		1F23C741273CA22D009DBDD8 /* Frameworks */ = {
			isa = PBXFrameworksBuildPhase;
			buildActionMask = 2147483647;
			files = (
			);
			runOnlyForDeploymentPostprocessing = 0;
		};
		1F23C751273CA233009DBDD8 /* Frameworks */ = {
			isa = PBXFrameworksBuildPhase;
			buildActionMask = 2147483647;
			files = (
			);
			runOnlyForDeploymentPostprocessing = 0;
		};
		1F23C75B273CA233009DBDD8 /* Frameworks */ = {
			isa = PBXFrameworksBuildPhase;
			buildActionMask = 2147483647;
			files = (
			);
			runOnlyForDeploymentPostprocessing = 0;
		};
/* End PBXFrameworksBuildPhase section */

/* Begin PBXGroup section */
		1F23C73B273CA22D009DBDD8 = {
			isa = PBXGroup;
			children = (
				1F23C746273CA22D009DBDD8 /* BrightBookshelf */,
				1F23C757273CA233009DBDD8 /* BrightBookshelfTests */,
				1F23C761273CA233009DBDD8 /* BrightBookshelfUITests */,
				1F23C745273CA22D009DBDD8 /* Products */,
			);
			sourceTree = "<group>";
		};
		1F23C745273CA22D009DBDD8 /* Products */ = {
			isa = PBXGroup;
			children = (
				1F23C744273CA22D009DBDD8 /* BrightBookshelf.app */,
				1F23C754273CA233009DBDD8 /* BrightBookshelfTests.xctest */,
				1F23C75E273CA233009DBDD8 /* BrightBookshelfUITests.xctest */,
			);
			name = Products;
			sourceTree = "<group>";
		};
		1F23C746273CA22D009DBDD8 /* BrightBookshelf */ = {
			isa = PBXGroup;
			children = (
				1F23C747273CA22D009DBDD8 /* BrightBookshelfApp.swift */,
				1F23C749273CA22D009DBDD8 /* ContentView.swift */,
				1F23C777273CAAF7009DBDD8 /* SwiftUIView.swift */,
				1F23C773273CAA72009DBDD8 /* Assets.xcassets */,
				1F23C74D273CA232009DBDD8 /* Preview Content */,
			);
			path = BrightBookshelf;
			sourceTree = "<group>";
		};
		1F23C74D273CA232009DBDD8 /* Preview Content */ = {
			isa = PBXGroup;
			children = (
				1F23C74E273CA232009DBDD8 /* Preview Assets.xcassets */,
			);
			path = "Preview Content";
			sourceTree = "<group>";
		};
		1F23C757273CA233009DBDD8 /* BrightBookshelfTests */ = {
			isa = PBXGroup;
			children = (
				1F23C758273CA233009DBDD8 /* BrightBookshelfTests.swift */,
			);
			path = BrightBookshelfTests;
			sourceTree = "<group>";
		};
		1F23C761273CA233009DBDD8 /* BrightBookshelfUITests */ = {
			isa = PBXGroup;
			children = (
				1F23C762273CA233009DBDD8 /* BrightBookshelfUITests.swift */,
				1F23C764273CA233009DBDD8 /* BrightBookshelfUITestsLaunchTests.swift */,
			);
			path = BrightBookshelfUITests;
			sourceTree = "<group>";
		};
/* End PBXGroup section */

/* Begin PBXNativeTarget section */
		1F23C743273CA22D009DBDD8 /* BrightBookshelf */ = {
			isa = PBXNativeTarget;
			buildConfigurationList = 1F23C768273CA233009DBDD8 /* Build configuration list for PBXNativeTarget "BrightBookshelf" */;
			buildPhases = (
				1F23C740273CA22D009DBDD8 /* Sources */,
				1F23C741273CA22D009DBDD8 /* Frameworks */,
				1F23C742273CA22D009DBDD8 /* Resources */,
			);
			buildRules = (
			);
			dependencies = (
			);
			name = BrightBookshelf;
			productName = BrightBookshelf;
			productReference = 1F23C744273CA22D009DBDD8 /* BrightBookshelf.app */;
			productType = "com.apple.product-type.application";
		};
		1F23C753273CA233009DBDD8 /* BrightBookshelfTests */ = {
			isa = PBXNativeTarget;
			buildConfigurationList = 1F23C76B273CA233009DBDD8 /* Build configuration list for PBXNativeTarget "BrightBookshelfTests" */;
			buildPhases = (
				1F23C750273CA233009DBDD8 /* Sources */,
				1F23C751273CA233009DBDD8 /* Frameworks */,
				1F23C752273CA233009DBDD8 /* Resources */,
			);
			buildRules = (
			);
			dependencies = (
				1F23C756273CA233009DBDD8 /* PBXTargetDependency */,
			);
			name = BrightBookshelfTests;
			productName = BrightBookshelfTests;
			productReference = 1F23C754273CA233009DBDD8 /* BrightBookshelfTests.xctest */;
			productType = "com.apple.product-type.bundle.unit-test";
		};
		1F23C75D273CA233009DBDD8 /* BrightBookshelfUITests */ = {
			isa = PBXNativeTarget;
			buildConfigurationList = 1F23C76E273CA233009DBDD8 /* Build configuration list for PBXNativeTarget "BrightBookshelfUITests" */;
			buildPhases = (
				1F23C75A273CA233009DBDD8 /* Sources */,
				1F23C75B273CA233009DBDD8 /* Frameworks */,
				1F23C75C273CA233009DBDD8 /* Resources */,
			);
			buildRules = (
			);
			dependencies = (
				1F23C760273CA233009DBDD8 /* PBXTargetDependency */,
			);
			name = BrightBookshelfUITests;
			productName = BrightBookshelfUITests;
			productReference = 1F23C75E273CA233009DBDD8 /* BrightBookshelfUITests.xctest */;
			productType = "com.apple.product-type.bundle.ui-testing";
		};
/* End PBXNativeTarget section */

/* Begin PBXProject section */
		1F23C73C273CA22D009DBDD8 /* Project object */ = {
			isa = PBXProject;
			attributes = {
				BuildIndependentTargetsInParallel = 1;
				LastSwiftUpdateCheck = 1310;
				LastUpgradeCheck = 1310;
				TargetAttributes = {
					1F23C743273CA22D009DBDD8 = {
						CreatedOnToolsVersion = 13.1;
					};
					1F23C753273CA233009DBDD8 = {
						CreatedOnToolsVersion = 13.1;
						TestTargetID = 1F23C743273CA22D009DBDD8;
					};
					1F23C75D273CA233009DBDD8 = {
						CreatedOnToolsVersion = 13.1;
						TestTargetID = 1F23C743273CA22D009DBDD8;
					};
				};
			};
			buildConfigurationList = 1F23C73F273CA22D009DBDD8 /* Build configuration list for PBXProject "BrightBookshelf" */;
			compatibilityVersion = "Xcode 13.0";
			developmentRegion = en;
			hasScannedForEncodings = 0;
			knownRegions = (
				en,
				Base,
			);
			mainGroup = 1F23C73B273CA22D009DBDD8;
			productRefGroup = 1F23C745273CA22D009DBDD8 /* Products */;
			projectDirPath = "";
			projectRoot = "";
			targets = (
				1F23C743273CA22D009DBDD8 /* BrightBookshelf */,
				1F23C753273CA233009DBDD8 /* BrightBookshelfTests */,
				1F23C75D273CA233009DBDD8 /* BrightBookshelfUITests */,
			);
		};
/* End PBXProject section */

/* Begin PBXResourcesBuildPhase section */
		1F23C742273CA22D009DBDD8 /* Resources */ = {
			isa = PBXResourcesBuildPhase;
			buildActionMask = 2147483647;
			files = (
				1F23C74F273CA232009DBDD8 /* Preview Assets.xcassets in Resources */,
				1F23C774273CAA72009DBDD8 /* Assets.xcassets in Resources */,
			);
			runOnlyForDeploymentPostprocessing = 0;
		};
		1F23C752273CA233009DBDD8 /* Resources */ = {
			isa = PBXResourcesBuildPhase;
			buildActionMask = 2147483647;
			files = (
			);
			runOnlyForDeploymentPostprocessing = 0;
		};
		1F23C75C273CA233009DBDD8 /* Resources */ = {
			isa = PBXResourcesBuildPhase;
			buildActionMask = 2147483647;
			files = (
			);
			runOnlyForDeploymentPostprocessing = 0;
		};
/* End PBXResourcesBuildPhase section */

/* Begin PBXSourcesBuildPhase section */
		1F23C740273CA22D009DBDD8 /* Sources */ = {
			isa = PBXSourcesBuildPhase;
			buildActionMask = 2147483647;
			files = (
				1F23C74A273CA22D009DBDD8 /* ContentView.swift in Sources */,
				1F23C748273CA22D009DBDD8 /* BrightBookshelfApp.swift in Sources */,
				1F23C778273CAAF7009DBDD8 /* SwiftUIView.swift in Sources */,
			);
			runOnlyForDeploymentPostprocessing = 0;
		};
		1F23C750273CA233009DBDD8 /* Sources */ = {
			isa = PBXSourcesBuildPhase;
			buildActionMask = 2147483647;
			files = (
				1F23C759273CA233009DBDD8 /* BrightBookshelfTests.swift in Sources */,
			);
			runOnlyForDeploymentPostprocessing = 0;
		};
		1F23C75A273CA233009DBDD8 /* Sources */ = {
			isa = PBXSourcesBuildPhase;
			buildActionMask = 2147483647;
			files = (
				1F23C765273CA233009DBDD8 /* BrightBookshelfUITestsLaunchTests.swift in Sources */,
				1F23C763273CA233009DBDD8 /* BrightBookshelfUITests.swift in Sources */,
			);
			runOnlyForDeploymentPostprocessing = 0;
		};
/* End PBXSourcesBuildPhase section */

/* Begin PBXTargetDependency section */
		1F23C756273CA233009DBDD8 /* PBXTargetDependency */ = {
			isa = PBXTargetDependency;
			target = 1F23C743273CA22D009DBDD8 /* BrightBookshelf */;
			targetProxy = 1F23C755273CA233009DBDD8 /* PBXContainerItemProxy */;
		};
		1F23C760273CA233009DBDD8 /* PBXTargetDependency */ = {
			isa = PBXTargetDependency;
			target = 1F23C743273CA22D009DBDD8 /* BrightBookshelf */;
			targetProxy = 1F23C75F273CA233009DBDD8 /* PBXContainerItemProxy */;
		};
/* End PBXTargetDependency section */

/* Begin XCBuildConfiguration section */
		1F23C766273CA233009DBDD8 /* Debug */ = {
			isa = XCBuildConfiguration;
			buildSettings = {
				ALWAYS_SEARCH_USER_PATHS = NO;
				CLANG_ANALYZER_NONNULL = YES;
				CLANG_ANALYZER_NUMBER_OBJECT_CONVERSION = YES_AGGRESSIVE;
				CLANG_CXX_LANGUAGE_STANDARD = "gnu++17";
				CLANG_CXX_LIBRARY = "libc++";
				CLANG_ENABLE_MODULES = YES;
				CLANG_ENABLE_OBJC_ARC = YES;
				CLANG_ENABLE_OBJC_WEAK = YES;
				CLANG_WARN_BLOCK_CAPTURE_AUTORELEASING = YES;
				CLANG_WARN_BOOL_CONVERSION = YES;
				CLANG_WARN_COMMA = YES;
				CLANG_WARN_CONSTANT_CONVERSION = YES;
				CLANG_WARN_DEPRECATED_OBJC_IMPLEMENTATIONS = YES;
				CLANG_WARN_DIRECT_OBJC_ISA_USAGE = YES_ERROR;
				CLANG_WARN_DOCUMENTATION_COMMENTS = YES;
				CLANG_WARN_EMPTY_BODY = YES;
				CLANG_WARN_ENUM_CONVERSION = YES;
				CLANG_WARN_INFINITE_RECURSION = YES;
				CLANG_WARN_INT_CONVERSION = YES;
				CLANG_WARN_NON_LITERAL_NULL_CONVERSION = YES;
				CLANG_WARN_OBJC_IMPLICIT_RETAIN_SELF = YES;
				CLANG_WARN_OBJC_LITERAL_CONVERSION = YES;
				CLANG_WARN_OBJC_ROOT_CLASS = YES_ERROR;
				CLANG_WARN_QUOTED_INCLUDE_IN_FRAMEWORK_HEADER = YES;
				CLANG_WARN_RANGE_LOOP_ANALYSIS = YES;
				CLANG_WARN_STRICT_PROTOTYPES = YES;
				CLANG_WARN_SUSPICIOUS_MOVE = YES;
				CLANG_WARN_UNGUARDED_AVAILABILITY = YES_AGGRESSIVE;
				CLANG_WARN_UNREACHABLE_CODE = YES;
				CLANG_WARN__DUPLICATE_METHOD_MATCH = YES;
				COPY_PHASE_STRIP = NO;
				DEBUG_INFORMATION_FORMAT = dwarf;
				ENABLE_STRICT_OBJC_MSGSEND = YES;
				ENABLE_TESTABILITY = YES;
				GCC_C_LANGUAGE_STANDARD = gnu11;
				GCC_DYNAMIC_NO_PIC = NO;
				GCC_NO_COMMON_BLOCKS = YES;
				GCC_OPTIMIZATION_LEVEL = 0;
				GCC_PREPROCESSOR_DEFINITIONS = (
					"DEBUG=1",
					"$(inherited)",
				);
				GCC_WARN_64_TO_32_BIT_CONVERSION = YES;
				GCC_WARN_ABOUT_RETURN_TYPE = YES_ERROR;
				GCC_WARN_UNDECLARED_SELECTOR = YES;
				GCC_WARN_UNINITIALIZED_AUTOS = YES_AGGRESSIVE;
				GCC_WARN_UNUSED_FUNCTION = YES;
				GCC_WARN_UNUSED_VARIABLE = YES;
				IPHONEOS_DEPLOYMENT_TARGET = 14.5;
				MTL_ENABLE_DEBUG_INFO = INCLUDE_SOURCE;
				MTL_FAST_MATH = YES;
				ONLY_ACTIVE_ARCH = YES;
				SDKROOT = iphoneos;
				SWIFT_ACTIVE_COMPILATION_CONDITIONS = DEBUG;
				SWIFT_OPTIMIZATION_LEVEL = "-Onone";
			};
			name = Debug;
		};
		1F23C767273CA233009DBDD8 /* Release */ = {
			isa = XCBuildConfiguration;
			buildSettings = {
				ALWAYS_SEARCH_USER_PATHS = NO;
				CLANG_ANALYZER_NONNULL = YES;
				CLANG_ANALYZER_NUMBER_OBJECT_CONVERSION = YES_AGGRESSIVE;
				CLANG_CXX_LANGUAGE_STANDARD = "gnu++17";
				CLANG_CXX_LIBRARY = "libc++";
				CLANG_ENABLE_MODULES = YES;
				CLANG_ENABLE_OBJC_ARC = YES;
				CLANG_ENABLE_OBJC_WEAK = YES;
				CLANG_WARN_BLOCK_CAPTURE_AUTORELEASING = YES;
				CLANG_WARN_BOOL_CONVERSION = YES;
				CLANG_WARN_COMMA = YES;
				CLANG_WARN_CONSTANT_CONVERSION = YES;
				CLANG_WARN_DEPRECATED_OBJC_IMPLEMENTATIONS = YES;
				CLANG_WARN_DIRECT_OBJC_ISA_USAGE = YES_ERROR;
				CLANG_WARN_DOCUMENTATION_COMMENTS = YES;
				CLANG_WARN_EMPTY_BODY = YES;
				CLANG_WARN_ENUM_CONVERSION = YES;
				CLANG_WARN_INFINITE_RECURSION = YES;
				CLANG_WARN_INT_CONVERSION = YES;
				CLANG_WARN_NON_LITERAL_NULL_CONVERSION = YES;
				CLANG_WARN_OBJC_IMPLICIT_RETAIN_SELF = YES;
				CLANG_WARN_OBJC_LITERAL_CONVERSION = YES;
				CLANG_WARN_OBJC_ROOT_CLASS = YES_ERROR;
				CLANG_WARN_QUOTED_INCLUDE_IN_FRAMEWORK_HEADER = YES;
				CLANG_WARN_RANGE_LOOP_ANALYSIS = YES;
				CLANG_WARN_STRICT_PROTOTYPES = YES;
				CLANG_WARN_SUSPICIOUS_MOVE = YES;
				CLANG_WARN_UNGUARDED_AVAILABILITY = YES_AGGRESSIVE;
				CLANG_WARN_UNREACHABLE_CODE = YES;
				CLANG_WARN__DUPLICATE_METHOD_MATCH = YES;
				COPY_PHASE_STRIP = NO;
				DEBUG_INFORMATION_FORMAT = "dwarf-with-dsym";
				ENABLE_NS_ASSERTIONS = NO;
				ENABLE_STRICT_OBJC_MSGSEND = YES;
				GCC_C_LANGUAGE_STANDARD = gnu11;
				GCC_NO_COMMON_BLOCKS = YES;
				GCC_WARN_64_TO_32_BIT_CONVERSION = YES;
				GCC_WARN_ABOUT_RETURN_TYPE = YES_ERROR;
				GCC_WARN_UNDECLARED_SELECTOR = YES;
				GCC_WARN_UNINITIALIZED_AUTOS = YES_AGGRESSIVE;
				GCC_WARN_UNUSED_FUNCTION = YES;
				GCC_WARN_UNUSED_VARIABLE = YES;
				IPHONEOS_DEPLOYMENT_TARGET = 14.5;
				MTL_ENABLE_DEBUG_INFO = NO;
				MTL_FAST_MATH = YES;
				SDKROOT = iphoneos;
				SWIFT_COMPILATION_MODE = wholemodule;
				SWIFT_OPTIMIZATION_LEVEL = "-O";
				VALIDATE_PRODUCT = YES;
			};
			name = Release;
		};
		1F23C769273CA233009DBDD8 /* Debug */ = {
			isa = XCBuildConfiguration;
			buildSettings = {
				ASSETCATALOG_COMPILER_APPICON_NAME = AppIcon;
				ASSETCATALOG_COMPILER_GLOBAL_ACCENT_COLOR_NAME = AccentColor;
				CODE_SIGN_STYLE = Automatic;
				CURRENT_PROJECT_VERSION = 1;
				DEVELOPMENT_ASSET_PATHS = "\"BrightBookshelf/Preview Content\"";
				DEVELOPMENT_TEAM = SZRG77YR43;
				ENABLE_PREVIEWS = YES;
				GENERATE_INFOPLIST_FILE = YES;
				INFOPLIST_KEY_UIApplicationSceneManifest_Generation = YES;
				INFOPLIST_KEY_UIApplicationSupportsIndirectInputEvents = YES;
				INFOPLIST_KEY_UILaunchScreen_Generation = YES;
				INFOPLIST_KEY_UISupportedInterfaceOrientations_iPad = "UIInterfaceOrientationPortrait UIInterfaceOrientationPortraitUpsideDown UIInterfaceOrientationLandscapeLeft UIInterfaceOrientationLandscapeRight";
				INFOPLIST_KEY_UISupportedInterfaceOrientations_iPhone = "UIInterfaceOrientationPortrait UIInterfaceOrientationLandscapeLeft UIInterfaceOrientationLandscapeRight";
				IPHONEOS_DEPLOYMENT_TARGET = 15.0;
				LD_RUNPATH_SEARCH_PATHS = (
					"$(inherited)",
					"@executable_path/Frameworks",
				);
				MARKETING_VERSION = 1.0;
				PRODUCT_BUNDLE_IDENTIFIER = com.SEProject.BrightBookshelf;
				PRODUCT_NAME = "$(TARGET_NAME)";
				SWIFT_EMIT_LOC_STRINGS = YES;
				SWIFT_VERSION = 5.0;
				TARGETED_DEVICE_FAMILY = "1,2";
			};
			name = Debug;
		};
		1F23C76A273CA233009DBDD8 /* Release */ = {
			isa = XCBuildConfiguration;
			buildSettings = {
				ASSETCATALOG_COMPILER_APPICON_NAME = AppIcon;
				ASSETCATALOG_COMPILER_GLOBAL_ACCENT_COLOR_NAME = AccentColor;
				CODE_SIGN_STYLE = Automatic;
				CURRENT_PROJECT_VERSION = 1;
				DEVELOPMENT_ASSET_PATHS = "\"BrightBookshelf/Preview Content\"";
				DEVELOPMENT_TEAM = SZRG77YR43;
				ENABLE_PREVIEWS = YES;
				GENERATE_INFOPLIST_FILE = YES;
				INFOPLIST_KEY_UIApplicationSceneManifest_Generation = YES;
				INFOPLIST_KEY_UIApplicationSupportsIndirectInputEvents = YES;
				INFOPLIST_KEY_UILaunchScreen_Generation = YES;
				INFOPLIST_KEY_UISupportedInterfaceOrientations_iPad = "UIInterfaceOrientationPortrait UIInterfaceOrientationPortraitUpsideDown UIInterfaceOrientationLandscapeLeft UIInterfaceOrientationLandscapeRight";
				INFOPLIST_KEY_UISupportedInterfaceOrientations_iPhone = "UIInterfaceOrientationPortrait UIInterfaceOrientationLandscapeLeft UIInterfaceOrientationLandscapeRight";
				IPHONEOS_DEPLOYMENT_TARGET = 15.0;
				LD_RUNPATH_SEARCH_PATHS = (
					"$(inherited)",
					"@executable_path/Frameworks",
				);
				MARKETING_VERSION = 1.0;
				PRODUCT_BUNDLE_IDENTIFIER = com.SEProject.BrightBookshelf;
				PRODUCT_NAME = "$(TARGET_NAME)";
				SWIFT_EMIT_LOC_STRINGS = YES;
				SWIFT_VERSION = 5.0;
				TARGETED_DEVICE_FAMILY = "1,2";
			};
			name = Release;
		};
		1F23C76C273CA233009DBDD8 /* Debug */ = {
			isa = XCBuildConfiguration;
			buildSettings = {
				ALWAYS_EMBED_SWIFT_STANDARD_LIBRARIES = YES;
				BUNDLE_LOADER = "$(TEST_HOST)";
				CODE_SIGN_STYLE = Automatic;
				CURRENT_PROJECT_VERSION = 1;
				DEVELOPMENT_TEAM = SZRG77YR43;
				GENERATE_INFOPLIST_FILE = YES;
				IPHONEOS_DEPLOYMENT_TARGET = 15.0;
				LD_RUNPATH_SEARCH_PATHS = (
					"$(inherited)",
					"@executable_path/Frameworks",
					"@loader_path/Frameworks",
				);
				MARKETING_VERSION = 1.0;
				PRODUCT_BUNDLE_IDENTIFIER = com.SEProject.BrightBookshelfTests;
				PRODUCT_NAME = "$(TARGET_NAME)";
				SWIFT_EMIT_LOC_STRINGS = NO;
				SWIFT_VERSION = 5.0;
				TARGETED_DEVICE_FAMILY = "1,2";
				TEST_HOST = "$(BUILT_PRODUCTS_DIR)/BrightBookshelf.app/BrightBookshelf";
			};
			name = Debug;
		};
		1F23C76D273CA233009DBDD8 /* Release */ = {
			isa = XCBuildConfiguration;
			buildSettings = {
				ALWAYS_EMBED_SWIFT_STANDARD_LIBRARIES = YES;
				BUNDLE_LOADER = "$(TEST_HOST)";
				CODE_SIGN_STYLE = Automatic;
				CURRENT_PROJECT_VERSION = 1;
				DEVELOPMENT_TEAM = SZRG77YR43;
				GENERATE_INFOPLIST_FILE = YES;
				IPHONEOS_DEPLOYMENT_TARGET = 15.0;
				LD_RUNPATH_SEARCH_PATHS = (
					"$(inherited)",
					"@executable_path/Frameworks",
					"@loader_path/Frameworks",
				);
				MARKETING_VERSION = 1.0;
				PRODUCT_BUNDLE_IDENTIFIER = com.SEProject.BrightBookshelfTests;
				PRODUCT_NAME = "$(TARGET_NAME)";
				SWIFT_EMIT_LOC_STRINGS = NO;
				SWIFT_VERSION = 5.0;
				TARGETED_DEVICE_FAMILY = "1,2";
				TEST_HOST = "$(BUILT_PRODUCTS_DIR)/BrightBookshelf.app/BrightBookshelf";
			};
			name = Release;
		};
		1F23C76F273CA233009DBDD8 /* Debug */ = {
			isa = XCBuildConfiguration;
			buildSettings = {
				ALWAYS_EMBED_SWIFT_STANDARD_LIBRARIES = YES;
				CODE_SIGN_STYLE = Automatic;
				CURRENT_PROJECT_VERSION = 1;
				DEVELOPMENT_TEAM = SZRG77YR43;
				GENERATE_INFOPLIST_FILE = YES;
				LD_RUNPATH_SEARCH_PATHS = (
					"$(inherited)",
					"@executable_path/Frameworks",
					"@loader_path/Frameworks",
				);
				MARKETING_VERSION = 1.0;
				PRODUCT_BUNDLE_IDENTIFIER = com.SEProject.BrightBookshelfUITests;
				PRODUCT_NAME = "$(TARGET_NAME)";
				SWIFT_EMIT_LOC_STRINGS = NO;
				SWIFT_VERSION = 5.0;
				TARGETED_DEVICE_FAMILY = "1,2";
				TEST_TARGET_NAME = BrightBookshelf;
			};
			name = Debug;
		};
		1F23C770273CA233009DBDD8 /* Release */ = {
			isa = XCBuildConfiguration;
			buildSettings = {
				ALWAYS_EMBED_SWIFT_STANDARD_LIBRARIES = YES;
				CODE_SIGN_STYLE = Automatic;
				CURRENT_PROJECT_VERSION = 1;
				DEVELOPMENT_TEAM = SZRG77YR43;
				GENERATE_INFOPLIST_FILE = YES;
				LD_RUNPATH_SEARCH_PATHS = (
					"$(inherited)",
					"@executable_path/Frameworks",
					"@loader_path/Frameworks",
				);
				MARKETING_VERSION = 1.0;
				PRODUCT_BUNDLE_IDENTIFIER = com.SEProject.BrightBookshelfUITests;
				PRODUCT_NAME = "$(TARGET_NAME)";
				SWIFT_EMIT_LOC_STRINGS = NO;
				SWIFT_VERSION = 5.0;
				TARGETED_DEVICE_FAMILY = "1,2";
				TEST_TARGET_NAME = BrightBookshelf;
			};
			name = Release;
		};
/* End XCBuildConfiguration section */

/* Begin XCConfigurationList section */
		1F23C73F273CA22D009DBDD8 /* Build configuration list for PBXProject "BrightBookshelf" */ = {
			isa = XCConfigurationList;
			buildConfigurations = (
				1F23C766273CA233009DBDD8 /* Debug */,
				1F23C767273CA233009DBDD8 /* Release */,
			);
			defaultConfigurationIsVisible = 0;
			defaultConfigurationName = Release;
		};
		1F23C768273CA233009DBDD8 /* Build configuration list for PBXNativeTarget "BrightBookshelf" */ = {
			isa = XCConfigurationList;
			buildConfigurations = (
				1F23C769273CA233009DBDD8 /* Debug */,
				1F23C76A273CA233009DBDD8 /* Release */,
			);
			defaultConfigurationIsVisible = 0;
			defaultConfigurationName = Release;
		};
		1F23C76B273CA233009DBDD8 /* Build configuration list for PBXNativeTarget "BrightBookshelfTests" */ = {
			isa = XCConfigurationList;
			buildConfigurations = (
				1F23C76C273CA233009DBDD8 /* Debug */,
				1F23C76D273CA233009DBDD8 /* Release */,
			);
			defaultConfigurationIsVisible = 0;
			defaultConfigurationName = Release;
		};
		1F23C76E273CA233009DBDD8 /* Build configuration list for PBXNativeTarget "BrightBookshelfUITests" */ = {
			isa = XCConfigurationList;
			buildConfigurations = (
				1F23C76F273CA233009DBDD8 /* Debug */,
				1F23C770273CA233009DBDD8 /* Release */,
			);
			defaultConfigurationIsVisible = 0;
			defaultConfigurationName = Release;
		};
/* End XCConfigurationList section */
	};
	rootObject = 1F23C73C273CA22D009DBDD8 /* Project object */;
}
